// !$*UTF8*$!
{
	archiveVersion = 1;
	classes = {
	};
	objectVersion = 50;
	objects = {

/* Begin PBXBuildFile section */
		B7E831C025F2E76000585A2E /* AppDelegate.swift in Sources */ = {isa = PBXBuildFile; fileRef = B7E831BF25F2E76000585A2E /* AppDelegate.swift */; };
		B7E831C225F2E76000585A2E /* SceneDelegate.swift in Sources */ = {isa = PBXBuildFile; fileRef = B7E831C125F2E76000585A2E /* SceneDelegate.swift */; };
		B7E831C425F2E76000585A2E /* ViewController.swift in Sources */ = {isa = PBXBuildFile; fileRef = B7E831C325F2E76000585A2E /* ViewController.swift */; };
		B7E831C725F2E76000585A2E /* Main.storyboard in Resources */ = {isa = PBXBuildFile; fileRef = B7E831C525F2E76000585A2E /* Main.storyboard */; };
		B7E831C925F2E76100585A2E /* Assets.xcassets in Resources */ = {isa = PBXBuildFile; fileRef = B7E831C825F2E76100585A2E /* Assets.xcassets */; };
		B7E831CC25F2E76100585A2E /* LaunchScreen.storyboard in Resources */ = {isa = PBXBuildFile; fileRef = B7E831CA25F2E76100585A2E /* LaunchScreen.storyboard */; };
		B7E831D725F2E76100585A2E /* Actividad9_DAOZTests.swift in Sources */ = {isa = PBXBuildFile; fileRef = B7E831D625F2E76100585A2E /* Actividad9_DAOZTests.swift */; };
		B7E831E225F2E76100585A2E /* Actividad9_DAOZUITests.swift in Sources */ = {isa = PBXBuildFile; fileRef = B7E831E125F2E76100585A2E /* Actividad9_DAOZUITests.swift */; };
/* End PBXBuildFile section */

/* Begin PBXContainerItemProxy section */
		B7E831D325F2E76100585A2E /* PBXContainerItemProxy */ = {
			isa = PBXContainerItemProxy;
			containerPortal = B7E831B425F2E76000585A2E /* Project object */;
			proxyType = 1;
			remoteGlobalIDString = B7E831BB25F2E76000585A2E;
			remoteInfo = Actividad9_DAOZ;
		};
		B7E831DE25F2E76100585A2E /* PBXContainerItemProxy */ = {
			isa = PBXContainerItemProxy;
			containerPortal = B7E831B425F2E76000585A2E /* Project object */;
			proxyType = 1;
			remoteGlobalIDString = B7E831BB25F2E76000585A2E;
			remoteInfo = Actividad9_DAOZ;
		};
/* End PBXContainerItemProxy section */

/* Begin PBXFileReference section */
		B7E831BC25F2E76000585A2E /* Actividad9_DAOZ.app */ = {isa = PBXFileReference; explicitFileType = wrapper.application; includeInIndex = 0; path = Actividad9_DAOZ.app; sourceTree = BUILT_PRODUCTS_DIR; };
		B7E831BF25F2E76000585A2E /* AppDelegate.swift */ = {isa = PBXFileReference; lastKnownFileType = sourcecode.swift; path = AppDelegate.swift; sourceTree = "<group>"; };
		B7E831C125F2E76000585A2E /* SceneDelegate.swift */ = {isa = PBXFileReference; lastKnownFileType = sourcecode.swift; path = SceneDelegate.swift; sourceTree = "<group>"; };
		B7E831C325F2E76000585A2E /* ViewController.swift */ = {isa = PBXFileReference; lastKnownFileType = sourcecode.swift; path = ViewController.swift; sourceTree = "<group>"; };
		B7E831C625F2E76000585A2E /* Base */ = {isa = PBXFileReference; lastKnownFileType = file.storyboard; name = Base; path = Base.lproj/Main.storyboard; sourceTree = "<group>"; };
		B7E831C825F2E76100585A2E /* Assets.xcassets */ = {isa = PBXFileReference; lastKnownFileType = folder.assetcatalog; path = Assets.xcassets; sourceTree = "<group>"; };
		B7E831CB25F2E76100585A2E /* Base */ = {isa = PBXFileReference; lastKnownFileType = file.storyboard; name = Base; path = Base.lproj/LaunchScreen.storyboard; sourceTree = "<group>"; };
		B7E831CD25F2E76100585A2E /* Info.plist */ = {isa = PBXFileReference; lastKnownFileType = text.plist.xml; path = Info.plist; sourceTree = "<group>"; };
		B7E831D225F2E76100585A2E /* Actividad9_DAOZTests.xctest */ = {isa = PBXFileReference; explicitFileType = wrapper.cfbundle; includeInIndex = 0; path = Actividad9_DAOZTests.xctest; sourceTree = BUILT_PRODUCTS_DIR; };
		B7E831D625F2E76100585A2E /* Actividad9_DAOZTests.swift */ = {isa = PBXFileReference; lastKnownFileType = sourcecode.swift; path = Actividad9_DAOZTests.swift; sourceTree = "<group>"; };
		B7E831D825F2E76100585A2E /* Info.plist */ = {isa = PBXFileReference; lastKnownFileType = text.plist.xml; path = Info.plist; sourceTree = "<group>"; };
		B7E831DD25F2E76100585A2E /* Actividad9_DAOZUITests.xctest */ = {isa = PBXFileReference; explicitFileType = wrapper.cfbundle; includeInIndex = 0; path = Actividad9_DAOZUITests.xctest; sourceTree = BUILT_PRODUCTS_DIR; };
		B7E831E125F2E76100585A2E /* Actividad9_DAOZUITests.swift */ = {isa = PBXFileReference; lastKnownFileType = sourcecode.swift; path = Actividad9_DAOZUITests.swift; sourceTree = "<group>"; };
		B7E831E325F2E76100585A2E /* Info.plist */ = {isa = PBXFileReference; lastKnownFileType = text.plist.xml; path = Info.plist; sourceTree = "<group>"; };
/* End PBXFileReference section */

/* Begin PBXFrameworksBuildPhase section */
		B7E831B925F2E76000585A2E /* Frameworks */ = {
			isa = PBXFrameworksBuildPhase;
			buildActionMask = 2147483647;
			files = (
			);
			runOnlyForDeploymentPostprocessing = 0;
		};
		B7E831CF25F2E76100585A2E /* Frameworks */ = {
			isa = PBXFrameworksBuildPhase;
			buildActionMask = 2147483647;
			files = (
			);
			runOnlyForDeploymentPostprocessing = 0;
		};
		B7E831DA25F2E76100585A2E /* Frameworks */ = {
			isa = PBXFrameworksBuildPhase;
			buildActionMask = 2147483647;
			files = (
			);
			runOnlyForDeploymentPostprocessing = 0;
		};
/* End PBXFrameworksBuildPhase section */

/* Begin PBXGroup section */
		B7E831B325F2E76000585A2E = {
			isa = PBXGroup;
			children = (
				B7E831BE25F2E76000585A2E /* Actividad9_DAOZ */,
				B7E831D525F2E76100585A2E /* Actividad9_DAOZTests */,
				B7E831E025F2E76100585A2E /* Actividad9_DAOZUITests */,
				B7E831BD25F2E76000585A2E /* Products */,
			);
			sourceTree = "<group>";
		};
		B7E831BD25F2E76000585A2E /* Products */ = {
			isa = PBXGroup;
			children = (
				B7E831BC25F2E76000585A2E /* Actividad9_DAOZ.app */,
				B7E831D225F2E76100585A2E /* Actividad9_DAOZTests.xctest */,
				B7E831DD25F2E76100585A2E /* Actividad9_DAOZUITests.xctest */,
			);
			name = Products;
			sourceTree = "<group>";
		};
		B7E831BE25F2E76000585A2E /* Actividad9_DAOZ */ = {
			isa = PBXGroup;
			children = (
				B7E831BF25F2E76000585A2E /* AppDelegate.swift */,
				B7E831C125F2E76000585A2E /* SceneDelegate.swift */,
				B7E831C325F2E76000585A2E /* ViewController.swift */,
				B7E831C525F2E76000585A2E /* Main.storyboard */,
				B7E831C825F2E76100585A2E /* Assets.xcassets */,
				B7E831CA25F2E76100585A2E /* LaunchScreen.storyboard */,
				B7E831CD25F2E76100585A2E /* Info.plist */,
			);
			path = Actividad9_DAOZ;
			sourceTree = "<group>";
		};
		B7E831D525F2E76100585A2E /* Actividad9_DAOZTests */ = {
			isa = PBXGroup;
			children = (
				B7E831D625F2E76100585A2E /* Actividad9_DAOZTests.swift */,
				B7E831D825F2E76100585A2E /* Info.plist */,
			);
			path = Actividad9_DAOZTests;
			sourceTree = "<group>";
		};
		B7E831E025F2E76100585A2E /* Actividad9_DAOZUITests */ = {
			isa = PBXGroup;
			children = (
				B7E831E125F2E76100585A2E /* Actividad9_DAOZUITests.swift */,
				B7E831E325F2E76100585A2E /* Info.plist */,
			);
			path = Actividad9_DAOZUITests;
			sourceTree = "<group>";
		};
/* End PBXGroup section */

/* Begin PBXNativeTarget section */
		B7E831BB25F2E76000585A2E /* Actividad9_DAOZ */ = {
			isa = PBXNativeTarget;
			buildConfigurationList = B7E831E625F2E76100585A2E /* Build configuration list for PBXNativeTarget "Actividad9_DAOZ" */;
			buildPhases = (
				B7E831B825F2E76000585A2E /* Sources */,
				B7E831B925F2E76000585A2E /* Frameworks */,
				B7E831BA25F2E76000585A2E /* Resources */,
			);
			buildRules = (
			);
			dependencies = (
			);
			name = Actividad9_DAOZ;
			productName = Actividad9_DAOZ;
			productReference = B7E831BC25F2E76000585A2E /* Actividad9_DAOZ.app */;
			productType = "com.apple.product-type.application";
		};
		B7E831D125F2E76100585A2E /* Actividad9_DAOZTests */ = {
			isa = PBXNativeTarget;
			buildConfigurationList = B7E831E925F2E76100585A2E /* Build configuration list for PBXNativeTarget "Actividad9_DAOZTests" */;
			buildPhases = (
				B7E831CE25F2E76100585A2E /* Sources */,
				B7E831CF25F2E76100585A2E /* Frameworks */,
				B7E831D025F2E76100585A2E /* Resources */,
			);
			buildRules = (
			);
			dependencies = (
				B7E831D425F2E76100585A2E /* PBXTargetDependency */,
			);
			name = Actividad9_DAOZTests;
			productName = Actividad9_DAOZTests;
			productReference = B7E831D225F2E76100585A2E /* Actividad9_DAOZTests.xctest */;
			productType = "com.apple.product-type.bundle.unit-test";
		};
		B7E831DC25F2E76100585A2E /* Actividad9_DAOZUITests */ = {
			isa = PBXNativeTarget;
			buildConfigurationList = B7E831EC25F2E76100585A2E /* Build configuration list for PBXNativeTarget "Actividad9_DAOZUITests" */;
			buildPhases = (
				B7E831D925F2E76100585A2E /* Sources */,
				B7E831DA25F2E76100585A2E /* Frameworks */,
				B7E831DB25F2E76100585A2E /* Resources */,
			);
			buildRules = (
			);
			dependencies = (
				B7E831DF25F2E76100585A2E /* PBXTargetDependency */,
			);
			name = Actividad9_DAOZUITests;
			productName = Actividad9_DAOZUITests;
			productReference = B7E831DD25F2E76100585A2E /* Actividad9_DAOZUITests.xctest */;
			productType = "com.apple.product-type.bundle.ui-testing";
		};
/* End PBXNativeTarget section */

/* Begin PBXProject section */
		B7E831B425F2E76000585A2E /* Project object */ = {
			isa = PBXProject;
			attributes = {
				LastSwiftUpdateCheck = 1240;
				LastUpgradeCheck = 1240;
				TargetAttributes = {
					B7E831BB25F2E76000585A2E = {
						CreatedOnToolsVersion = 12.4;
					};
					B7E831D125F2E76100585A2E = {
						CreatedOnToolsVersion = 12.4;
						TestTargetID = B7E831BB25F2E76000585A2E;
					};
					B7E831DC25F2E76100585A2E = {
						CreatedOnToolsVersion = 12.4;
						TestTargetID = B7E831BB25F2E76000585A2E;
					};
				};
			};
			buildConfigurationList = B7E831B725F2E76000585A2E /* Build configuration list for PBXProject "Actividad9_DAOZ" */;
			compatibilityVersion = "Xcode 9.3";
			developmentRegion = en;
			hasScannedForEncodings = 0;
			knownRegions = (
				en,
				Base,
			);
			mainGroup = B7E831B325F2E76000585A2E;
			productRefGroup = B7E831BD25F2E76000585A2E /* Products */;
			projectDirPath = "";
			projectRoot = "";
			targets = (
				B7E831BB25F2E76000585A2E /* Actividad9_DAOZ */,
				B7E831D125F2E76100585A2E /* Actividad9_DAOZTests */,
				B7E831DC25F2E76100585A2E /* Actividad9_DAOZUITests */,
			);
		};
/* End PBXProject section */

/* Begin PBXResourcesBuildPhase section */
		B7E831BA25F2E76000585A2E /* Resources */ = {
			isa = PBXResourcesBuildPhase;
			buildActionMask = 2147483647;
			files = (
				B7E831CC25F2E76100585A2E /* LaunchScreen.storyboard in Resources */,
				B7E831C925F2E76100585A2E /* Assets.xcassets in Resources */,
				B7E831C725F2E76000585A2E /* Main.storyboard in Resources */,
			);
			runOnlyForDeploymentPostprocessing = 0;
		};
		B7E831D025F2E76100585A2E /* Resources */ = {
			isa = PBXResourcesBuildPhase;
			buildActionMask = 2147483647;
			files = (
			);
			runOnlyForDeploymentPostprocessing = 0;
		};
		B7E831DB25F2E76100585A2E /* Resources */ = {
			isa = PBXResourcesBuildPhase;
			buildActionMask = 2147483647;
			files = (
			);
			runOnlyForDeploymentPostprocessing = 0;
		};
/* End PBXResourcesBuildPhase section */

/* Begin PBXSourcesBuildPhase section */
		B7E831B825F2E76000585A2E /* Sources */ = {
			isa = PBXSourcesBuildPhase;
			buildActionMask = 2147483647;
			files = (
				B7E831C425F2E76000585A2E /* ViewController.swift in Sources */,
				B7E831C025F2E76000585A2E /* AppDelegate.swift in Sources */,
				B7E831C225F2E76000585A2E /* SceneDelegate.swift in Sources */,
			);
			runOnlyForDeploymentPostprocessing = 0;
		};
		B7E831CE25F2E76100585A2E /* Sources */ = {
			isa = PBXSourcesBuildPhase;
			buildActionMask = 2147483647;
			files = (
				B7E831D725F2E76100585A2E /* Actividad9_DAOZTests.swift in Sources */,
			);
			runOnlyForDeploymentPostprocessing = 0;
		};
		B7E831D925F2E76100585A2E /* Sources */ = {
			isa = PBXSourcesBuildPhase;
			buildActionMask = 2147483647;
			files = (
				B7E831E225F2E76100585A2E /* Actividad9_DAOZUITests.swift in Sources */,
			);
			runOnlyForDeploymentPostprocessing = 0;
		};
/* End PBXSourcesBuildPhase section */

/* Begin PBXTargetDependency section */
		B7E831D425F2E76100585A2E /* PBXTargetDependency */ = {
			isa = PBXTargetDependency;
			target = B7E831BB25F2E76000585A2E /* Actividad9_DAOZ */;
			targetProxy = B7E831D325F2E76100585A2E /* PBXContainerItemProxy */;
		};
		B7E831DF25F2E76100585A2E /* PBXTargetDependency */ = {
			isa = PBXTargetDependency;
			target = B7E831BB25F2E76000585A2E /* Actividad9_DAOZ */;
			targetProxy = B7E831DE25F2E76100585A2E /* PBXContainerItemProxy */;
		};
/* End PBXTargetDependency section */

/* Begin PBXVariantGroup section */
		B7E831C525F2E76000585A2E /* Main.storyboard */ = {
			isa = PBXVariantGroup;
			children = (
				B7E831C625F2E76000585A2E /* Base */,
			);
			name = Main.storyboard;
			sourceTree = "<group>";
		};
		B7E831CA25F2E76100585A2E /* LaunchScreen.storyboard */ = {
			isa = PBXVariantGroup;
			children = (
				B7E831CB25F2E76100585A2E /* Base */,
			);
			name = LaunchScreen.storyboard;
			sourceTree = "<group>";
		};
/* End PBXVariantGroup section */

/* Begin XCBuildConfiguration section */
		B7E831E425F2E76100585A2E /* Debug */ = {
			isa = XCBuildConfiguration;
			buildSettings = {
				ALWAYS_SEARCH_USER_PATHS = NO;
				CLANG_ANALYZER_NONNULL = YES;
				CLANG_ANALYZER_NUMBER_OBJECT_CONVERSION = YES_AGGRESSIVE;
				CLANG_CXX_LANGUAGE_STANDARD = "gnu++14";
				CLANG_CXX_LIBRARY = "libc++";
				CLANG_ENABLE_MODULES = YES;
				CLANG_ENABLE_OBJC_ARC = YES;
				CLANG_ENABLE_OBJC_WEAK = YES;
				CLANG_WARN_BLOCK_CAPTURE_AUTORELEASING = YES;
				CLANG_WARN_BOOL_CONVERSION = YES;
				CLANG_WARN_COMMA = YES;
				CLANG_WARN_CONSTANT_CONVERSION = YES;
				CLANG_WARN_DEPRECATED_OBJC_IMPLEMENTATIONS = YES;
				CLANG_WARN_DIRECT_OBJC_ISA_USAGE = YES_ERROR;
				CLANG_WARN_DOCUMENTATION_COMMENTS = YES;
				CLANG_WARN_EMPTY_BODY = YES;
				CLANG_WARN_ENUM_CONVERSION = YES;
				CLANG_WARN_INFINITE_RECURSION = YES;
				CLANG_WARN_INT_CONVERSION = YES;
				CLANG_WARN_NON_LITERAL_NULL_CONVERSION = YES;
				CLANG_WARN_OBJC_IMPLICIT_RETAIN_SELF = YES;
				CLANG_WARN_OBJC_LITERAL_CONVERSION = YES;
				CLANG_WARN_OBJC_ROOT_CLASS = YES_ERROR;
				CLANG_WARN_QUOTED_INCLUDE_IN_FRAMEWORK_HEADER = YES;
				CLANG_WARN_RANGE_LOOP_ANALYSIS = YES;
				CLANG_WARN_STRICT_PROTOTYPES = YES;
				CLANG_WARN_SUSPICIOUS_MOVE = YES;
				CLANG_WARN_UNGUARDED_AVAILABILITY = YES_AGGRESSIVE;
				CLANG_WARN_UNREACHABLE_CODE = YES;
				CLANG_WARN__DUPLICATE_METHOD_MATCH = YES;
				COPY_PHASE_STRIP = NO;
				DEBUG_INFORMATION_FORMAT = dwarf;
				ENABLE_STRICT_OBJC_MSGSEND = YES;
				ENABLE_TESTABILITY = YES;
				GCC_C_LANGUAGE_STANDARD = gnu11;
				GCC_DYNAMIC_NO_PIC = NO;
				GCC_NO_COMMON_BLOCKS = YES;
				GCC_OPTIMIZATION_LEVEL = 0;
				GCC_PREPROCESSOR_DEFINITIONS = (
					"DEBUG=1",
					"$(inherited)",
				);
				GCC_WARN_64_TO_32_BIT_CONVERSION = YES;
				GCC_WARN_ABOUT_RETURN_TYPE = YES_ERROR;
				GCC_WARN_UNDECLARED_SELECTOR = YES;
				GCC_WARN_UNINITIALIZED_AUTOS = YES_AGGRESSIVE;
				GCC_WARN_UNUSED_FUNCTION = YES;
				GCC_WARN_UNUSED_VARIABLE = YES;
				IPHONEOS_DEPLOYMENT_TARGET = 14.4;
				MTL_ENABLE_DEBUG_INFO = INCLUDE_SOURCE;
				MTL_FAST_MATH = YES;
				ONLY_ACTIVE_ARCH = YES;
				SDKROOT = iphoneos;
				SWIFT_ACTIVE_COMPILATION_CONDITIONS = DEBUG;
				SWIFT_OPTIMIZATION_LEVEL = "-Onone";
			};
			name = Debug;
		};
		B7E831E525F2E76100585A2E /* Release */ = {
			isa = XCBuildConfiguration;
			buildSettings = {
				ALWAYS_SEARCH_USER_PATHS = NO;
				CLANG_ANALYZER_NONNULL = YES;
				CLANG_ANALYZER_NUMBER_OBJECT_CONVERSION = YES_AGGRESSIVE;
				CLANG_CXX_LANGUAGE_STANDARD = "gnu++14";
				CLANG_CXX_LIBRARY = "libc++";
				CLANG_ENABLE_MODULES = YES;
				CLANG_ENABLE_OBJC_ARC = YES;
				CLANG_ENABLE_OBJC_WEAK = YES;
				CLANG_WARN_BLOCK_CAPTURE_AUTORELEASING = YES;
				CLANG_WARN_BOOL_CONVERSION = YES;
				CLANG_WARN_COMMA = YES;
				CLANG_WARN_CONSTANT_CONVERSION = YES;
				CLANG_WARN_DEPRECATED_OBJC_IMPLEMENTATIONS = YES;
				CLANG_WARN_DIRECT_OBJC_ISA_USAGE = YES_ERROR;
				CLANG_WARN_DOCUMENTATION_COMMENTS = YES;
				CLANG_WARN_EMPTY_BODY = YES;
				CLANG_WARN_ENUM_CONVERSION = YES;
				CLANG_WARN_INFINITE_RECURSION = YES;
				CLANG_WARN_INT_CONVERSION = YES;
				CLANG_WARN_NON_LITERAL_NULL_CONVERSION = YES;
				CLANG_WARN_OBJC_IMPLICIT_RETAIN_SELF = YES;
				CLANG_WARN_OBJC_LITERAL_CONVERSION = YES;
				CLANG_WARN_OBJC_ROOT_CLASS = YES_ERROR;
				CLANG_WARN_QUOTED_INCLUDE_IN_FRAMEWORK_HEADER = YES;
				CLANG_WARN_RANGE_LOOP_ANALYSIS = YES;
				CLANG_WARN_STRICT_PROTOTYPES = YES;
				CLANG_WARN_SUSPICIOUS_MOVE = YES;
				CLANG_WARN_UNGUARDED_AVAILABILITY = YES_AGGRESSIVE;
				CLANG_WARN_UNREACHABLE_CODE = YES;
				CLANG_WARN__DUPLICATE_METHOD_MATCH = YES;
				COPY_PHASE_STRIP = NO;
				DEBUG_INFORMATION_FORMAT = "dwarf-with-dsym";
				ENABLE_NS_ASSERTIONS = NO;
				ENABLE_STRICT_OBJC_MSGSEND = YES;
				GCC_C_LANGUAGE_STANDARD = gnu11;
				GCC_NO_COMMON_BLOCKS = YES;
				GCC_WARN_64_TO_32_BIT_CONVERSION = YES;
				GCC_WARN_ABOUT_RETURN_TYPE = YES_ERROR;
				GCC_WARN_UNDECLARED_SELECTOR = YES;
				GCC_WARN_UNINITIALIZED_AUTOS = YES_AGGRESSIVE;
				GCC_WARN_UNUSED_FUNCTION = YES;
				GCC_WARN_UNUSED_VARIABLE = YES;
				IPHONEOS_DEPLOYMENT_TARGET = 14.4;
				MTL_ENABLE_DEBUG_INFO = NO;
				MTL_FAST_MATH = YES;
				SDKROOT = iphoneos;
				SWIFT_COMPILATION_MODE = wholemodule;
				SWIFT_OPTIMIZATION_LEVEL = "-O";
				VALIDATE_PRODUCT = YES;
			};
			name = Release;
		};
		B7E831E725F2E76100585A2E /* Debug */ = {
			isa = XCBuildConfiguration;
			buildSettings = {
				ASSETCATALOG_COMPILER_APPICON_NAME = AppIcon;
				ASSETCATALOG_COMPILER_GLOBAL_ACCENT_COLOR_NAME = AccentColor;
				CODE_SIGN_STYLE = Automatic;
				DEVELOPMENT_TEAM = 3B99Q9SU2L;
				INFOPLIST_FILE = Actividad9_DAOZ/Info.plist;
				LD_RUNPATH_SEARCH_PATHS = (
					"$(inherited)",
					"@executable_path/Frameworks",
				);
				PRODUCT_BUNDLE_IDENTIFIER = "test1.Actividad9-DAOZ";
				PRODUCT_NAME = "$(TARGET_NAME)";
				SWIFT_VERSION = 5.0;
				TARGETED_DEVICE_FAMILY = "1,2";
			};
			name = Debug;
		};
		B7E831E825F2E76100585A2E /* Release */ = {
			isa = XCBuildConfiguration;
			buildSettings = {
				ASSETCATALOG_COMPILER_APPICON_NAME = AppIcon;
				ASSETCATALOG_COMPILER_GLOBAL_ACCENT_COLOR_NAME = AccentColor;
				CODE_SIGN_STYLE = Automatic;
				DEVELOPMENT_TEAM = 3B99Q9SU2L;
				INFOPLIST_FILE = Actividad9_DAOZ/Info.plist;
				LD_RUNPATH_SEARCH_PATHS = (
					"$(inherited)",
					"@executable_path/Frameworks",
				);
				PRODUCT_BUNDLE_IDENTIFIER = "test1.Actividad9-DAOZ";
				PRODUCT_NAME = "$(TARGET_NAME)";
				SWIFT_VERSION = 5.0;
				TARGETED_DEVICE_FAMILY = "1,2";
			};
			name = Release;
		};
		B7E831EA25F2E76100585A2E /* Debug */ = {
			isa = XCBuildConfiguration;
			buildSettings = {
				ALWAYS_EMBED_SWIFT_STANDARD_LIBRARIES = YES;
				BUNDLE_LOADER = "$(TEST_HOST)";
				CODE_SIGN_STYLE = Automatic;
				DEVELOPMENT_TEAM = 3B99Q9SU2L;
				INFOPLIST_FILE = Actividad9_DAOZTests/Info.plist;
				IPHONEOS_DEPLOYMENT_TARGET = 14.4;
				LD_RUNPATH_SEARCH_PATHS = (
					"$(inherited)",
					"@executable_path/Frameworks",
					"@loader_path/Frameworks",
				);
				PRODUCT_BUNDLE_IDENTIFIER = "test1.Actividad9-DAOZTests";
				PRODUCT_NAME = "$(TARGET_NAME)";
				SWIFT_VERSION = 5.0;
				TARGETED_DEVICE_FAMILY = "1,2";
				TEST_HOST = "$(BUILT_PRODUCTS_DIR)/Actividad9_DAOZ.app/Actividad9_DAOZ";
			};
			name = Debug;
		};
		B7E831EB25F2E76100585A2E /* Release */ = {
			isa = XCBuildConfiguration;
			buildSettings = {
				ALWAYS_EMBED_SWIFT_STANDARD_LIBRARIES = YES;
				BUNDLE_LOADER = "$(TEST_HOST)";
				CODE_SIGN_STYLE = Automatic;
				DEVELOPMENT_TEAM = 3B99Q9SU2L;
				INFOPLIST_FILE = Actividad9_DAOZTests/Info.plist;
				IPHONEOS_DEPLOYMENT_TARGET = 14.4;
				LD_RUNPATH_SEARCH_PATHS = (
					"$(inherited)",
					"@executable_path/Frameworks",
					"@loader_path/Frameworks",
				);
				PRODUCT_BUNDLE_IDENTIFIER = "test1.Actividad9-DAOZTests";
				PRODUCT_NAME = "$(TARGET_NAME)";
				SWIFT_VERSION = 5.0;
				TARGETED_DEVICE_FAMILY = "1,2";
				TEST_HOST = "$(BUILT_PRODUCTS_DIR)/Actividad9_DAOZ.app/Actividad9_DAOZ";
			};
			name = Release;
		};
		B7E831ED25F2E76100585A2E /* Debug */ = {
			isa = XCBuildConfiguration;
			buildSettings = {
				ALWAYS_EMBED_SWIFT_STANDARD_LIBRARIES = YES;
				CODE_SIGN_STYLE = Automatic;
				DEVELOPMENT_TEAM = 3B99Q9SU2L;
				INFOPLIST_FILE = Actividad9_DAOZUITests/Info.plist;
				LD_RUNPATH_SEARCH_PATHS = (
					"$(inherited)",
					"@executable_path/Frameworks",
					"@loader_path/Frameworks",
				);
				PRODUCT_BUNDLE_IDENTIFIER = "test1.Actividad9-DAOZUITests";
				PRODUCT_NAME = "$(TARGET_NAME)";
				SWIFT_VERSION = 5.0;
				TARGETED_DEVICE_FAMILY = "1,2";
				TEST_TARGET_NAME = Actividad9_DAOZ;
			};
			name = Debug;
		};
		B7E831EE25F2E76100585A2E /* Release */ = {
			isa = XCBuildConfiguration;
			buildSettings = {
				ALWAYS_EMBED_SWIFT_STANDARD_LIBRARIES = YES;
				CODE_SIGN_STYLE = Automatic;
				DEVELOPMENT_TEAM = 3B99Q9SU2L;
				INFOPLIST_FILE = Actividad9_DAOZUITests/Info.plist;
				LD_RUNPATH_SEARCH_PATHS = (
					"$(inherited)",
					"@executable_path/Frameworks",
					"@loader_path/Frameworks",
				);
				PRODUCT_BUNDLE_IDENTIFIER = "test1.Actividad9-DAOZUITests";
				PRODUCT_NAME = "$(TARGET_NAME)";
				SWIFT_VERSION = 5.0;
				TARGETED_DEVICE_FAMILY = "1,2";
				TEST_TARGET_NAME = Actividad9_DAOZ;
			};
			name = Release;
		};
/* End XCBuildConfiguration section */

/* Begin XCConfigurationList section */
		B7E831B725F2E76000585A2E /* Build configuration list for PBXProject "Actividad9_DAOZ" */ = {
			isa = XCConfigurationList;
			buildConfigurations = (
				B7E831E425F2E76100585A2E /* Debug */,
				B7E831E525F2E76100585A2E /* Release */,
			);
			defaultConfigurationIsVisible = 0;
			defaultConfigurationName = Release;
		};
		B7E831E625F2E76100585A2E /* Build configuration list for PBXNativeTarget "Actividad9_DAOZ" */ = {
			isa = XCConfigurationList;
			buildConfigurations = (
				B7E831E725F2E76100585A2E /* Debug */,
				B7E831E825F2E76100585A2E /* Release */,
			);
			defaultConfigurationIsVisible = 0;
			defaultConfigurationName = Release;
		};
		B7E831E925F2E76100585A2E /* Build configuration list for PBXNativeTarget "Actividad9_DAOZTests" */ = {
			isa = XCConfigurationList;
			buildConfigurations = (
				B7E831EA25F2E76100585A2E /* Debug */,
				B7E831EB25F2E76100585A2E /* Release */,
			);
			defaultConfigurationIsVisible = 0;
			defaultConfigurationName = Release;
		};
		B7E831EC25F2E76100585A2E /* Build configuration list for PBXNativeTarget "Actividad9_DAOZUITests" */ = {
			isa = XCConfigurationList;
			buildConfigurations = (
				B7E831ED25F2E76100585A2E /* Debug */,
				B7E831EE25F2E76100585A2E /* Release */,
			);
			defaultConfigurationIsVisible = 0;
			defaultConfigurationName = Release;
		};
/* End XCConfigurationList section */
	};
	rootObject = B7E831B425F2E76000585A2E /* Project object */;
}
